// !$*UTF8*$!
{
	archiveVersion = 1;
	classes = {
	};
	objectVersion = 55;
	objects = {

/* Begin PBXBuildFile section */
		CF8AA20927E9C42C00E56B2C /* AppDelegate.swift in Sources */ = {isa = PBXBuildFile; fileRef = CF8AA20827E9C42C00E56B2C /* AppDelegate.swift */; };
		CF8AA20B27E9C42C00E56B2C /* SceneDelegate.swift in Sources */ = {isa = PBXBuildFile; fileRef = CF8AA20A27E9C42C00E56B2C /* SceneDelegate.swift */; };
		CF8AA21027E9C42C00E56B2C /* Main.storyboard in Resources */ = {isa = PBXBuildFile; fileRef = CF8AA20E27E9C42C00E56B2C /* Main.storyboard */; };
		CF8AA21227E9C42D00E56B2C /* Assets.xcassets in Resources */ = {isa = PBXBuildFile; fileRef = CF8AA21127E9C42D00E56B2C /* Assets.xcassets */; };
		CF8AA21527E9C42D00E56B2C /* LaunchScreen.storyboard in Resources */ = {isa = PBXBuildFile; fileRef = CF8AA21327E9C42D00E56B2C /* LaunchScreen.storyboard */; };
		CF8AA21D27E9CFA400E56B2C /* TabBarController.swift in Sources */ = {isa = PBXBuildFile; fileRef = CF8AA21C27E9CFA400E56B2C /* TabBarController.swift */; };
		CF8AA21F27E9CFFA00E56B2C /* ContactListViewController.swift in Sources */ = {isa = PBXBuildFile; fileRef = CF8AA21E27E9CFFA00E56B2C /* ContactListViewController.swift */; };
		CF8AA22427E9D14200E56B2C /* DetailedListViewController.swift in Sources */ = {isa = PBXBuildFile; fileRef = CF8AA22327E9D14200E56B2C /* DetailedListViewController.swift */; };
		CF8AA22627E9D17A00E56B2C /* ContactDetailViewController.swift in Sources */ = {isa = PBXBuildFile; fileRef = CF8AA22527E9D17A00E56B2C /* ContactDetailViewController.swift */; };
		CF8AA22827E9D23600E56B2C /* Person.swift in Sources */ = {isa = PBXBuildFile; fileRef = CF8AA22727E9D23600E56B2C /* Person.swift */; };
		CF8AA22A27E9F57C00E56B2C /* DataManager.swift in Sources */ = {isa = PBXBuildFile; fileRef = CF8AA22927E9F57C00E56B2C /* DataManager.swift */; };
/* End PBXBuildFile section */

/* Begin PBXFileReference section */
		CF8AA20527E9C42C00E56B2C /* ContactListApp.app */ = {isa = PBXFileReference; explicitFileType = wrapper.application; includeInIndex = 0; path = ContactListApp.app; sourceTree = BUILT_PRODUCTS_DIR; };
		CF8AA20827E9C42C00E56B2C /* AppDelegate.swift */ = {isa = PBXFileReference; lastKnownFileType = sourcecode.swift; path = AppDelegate.swift; sourceTree = "<group>"; };
		CF8AA20A27E9C42C00E56B2C /* SceneDelegate.swift */ = {isa = PBXFileReference; lastKnownFileType = sourcecode.swift; path = SceneDelegate.swift; sourceTree = "<group>"; };
		CF8AA20F27E9C42C00E56B2C /* Base */ = {isa = PBXFileReference; lastKnownFileType = file.storyboard; name = Base; path = Base.lproj/Main.storyboard; sourceTree = "<group>"; };
		CF8AA21127E9C42D00E56B2C /* Assets.xcassets */ = {isa = PBXFileReference; lastKnownFileType = folder.assetcatalog; path = Assets.xcassets; sourceTree = "<group>"; };
		CF8AA21427E9C42D00E56B2C /* Base */ = {isa = PBXFileReference; lastKnownFileType = file.storyboard; name = Base; path = Base.lproj/LaunchScreen.storyboard; sourceTree = "<group>"; };
		CF8AA21627E9C42D00E56B2C /* Info.plist */ = {isa = PBXFileReference; lastKnownFileType = text.plist.xml; path = Info.plist; sourceTree = "<group>"; };
		CF8AA21C27E9CFA400E56B2C /* TabBarController.swift */ = {isa = PBXFileReference; lastKnownFileType = sourcecode.swift; path = TabBarController.swift; sourceTree = "<group>"; };
		CF8AA21E27E9CFFA00E56B2C /* ContactListViewController.swift */ = {isa = PBXFileReference; lastKnownFileType = sourcecode.swift; path = ContactListViewController.swift; sourceTree = "<group>"; };
		CF8AA22327E9D14200E56B2C /* DetailedListViewController.swift */ = {isa = PBXFileReference; lastKnownFileType = sourcecode.swift; path = DetailedListViewController.swift; sourceTree = "<group>"; };
		CF8AA22527E9D17A00E56B2C /* ContactDetailViewController.swift */ = {isa = PBXFileReference; lastKnownFileType = sourcecode.swift; path = ContactDetailViewController.swift; sourceTree = "<group>"; };
		CF8AA22727E9D23600E56B2C /* Person.swift */ = {isa = PBXFileReference; lastKnownFileType = sourcecode.swift; path = Person.swift; sourceTree = "<group>"; };
		CF8AA22927E9F57C00E56B2C /* DataManager.swift */ = {isa = PBXFileReference; lastKnownFileType = sourcecode.swift; path = DataManager.swift; sourceTree = "<group>"; };
/* End PBXFileReference section */

/* Begin PBXFrameworksBuildPhase section */
		CF8AA20227E9C42C00E56B2C /* Frameworks */ = {
			isa = PBXFrameworksBuildPhase;
			buildActionMask = 2147483647;
			files = (
			);
			runOnlyForDeploymentPostprocessing = 0;
		};
/* End PBXFrameworksBuildPhase section */

/* Begin PBXGroup section */
		CF8AA1FC27E9C42C00E56B2C = {
			isa = PBXGroup;
			children = (
				CF8AA20727E9C42C00E56B2C /* ContactListApp */,
				CF8AA20627E9C42C00E56B2C /* Products */,
			);
			sourceTree = "<group>";
		};
		CF8AA20627E9C42C00E56B2C /* Products */ = {
			isa = PBXGroup;
			children = (
				CF8AA20527E9C42C00E56B2C /* ContactListApp.app */,
			);
			name = Products;
			sourceTree = "<group>";
		};
		CF8AA20727E9C42C00E56B2C /* ContactListApp */ = {
			isa = PBXGroup;
			children = (
				CF9AD78427EC67E900145E3A /* Services */,
				CF8AA22B27EA348F00E56B2C /* Model */,
				CF8AA22227E9D03E00E56B2C /* ViewControllers */,
				CF8AA22027E9D00E00E56B2C /* Storyboards */,
				CF8AA22127E9D02800E56B2C /* App */,
			);
			path = ContactListApp;
			sourceTree = "<group>";
		};
		CF8AA22027E9D00E00E56B2C /* Storyboards */ = {
			isa = PBXGroup;
			children = (
				CF8AA20E27E9C42C00E56B2C /* Main.storyboard */,
				CF8AA21327E9C42D00E56B2C /* LaunchScreen.storyboard */,
			);
			path = Storyboards;
			sourceTree = "<group>";
		};
		CF8AA22127E9D02800E56B2C /* App */ = {
			isa = PBXGroup;
			children = (
				CF8AA20827E9C42C00E56B2C /* AppDelegate.swift */,
				CF8AA20A27E9C42C00E56B2C /* SceneDelegate.swift */,
				CF8AA21627E9C42D00E56B2C /* Info.plist */,
				CF8AA21127E9C42D00E56B2C /* Assets.xcassets */,
			);
			path = App;
			sourceTree = "<group>";
		};
		CF8AA22227E9D03E00E56B2C /* ViewControllers */ = {
			isa = PBXGroup;
			children = (
				CF8AA21C27E9CFA400E56B2C /* TabBarController.swift */,
				CF8AA21E27E9CFFA00E56B2C /* ContactListViewController.swift */,
				CF8AA22527E9D17A00E56B2C /* ContactDetailViewController.swift */,
				CF8AA22327E9D14200E56B2C /* DetailedListViewController.swift */,
			);
			path = ViewControllers;
			sourceTree = "<group>";
		};
		CF8AA22B27EA348F00E56B2C /* Model */ = {
			isa = PBXGroup;
			children = (
				CF8AA22727E9D23600E56B2C /* Person.swift */,
			);
			path = Model;
			sourceTree = "<group>";
		};
		CF9AD78427EC67E900145E3A /* Services */ = {
			isa = PBXGroup;
			children = (
				CF8AA22927E9F57C00E56B2C /* DataManager.swift */,
			);
			path = Services;
			sourceTree = "<group>";
		};
/* End PBXGroup section */

/* Begin PBXNativeTarget section */
		CF8AA20427E9C42C00E56B2C /* ContactListApp */ = {
			isa = PBXNativeTarget;
			buildConfigurationList = CF8AA21927E9C42D00E56B2C /* Build configuration list for PBXNativeTarget "ContactListApp" */;
			buildPhases = (
				CF8AA20127E9C42C00E56B2C /* Sources */,
				CF8AA20227E9C42C00E56B2C /* Frameworks */,
				CF8AA20327E9C42C00E56B2C /* Resources */,
			);
			buildRules = (
			);
			dependencies = (
			);
			name = ContactListApp;
			productName = ContactListApp;
			productReference = CF8AA20527E9C42C00E56B2C /* ContactListApp.app */;
			productType = "com.apple.product-type.application";
		};
/* End PBXNativeTarget section */

/* Begin PBXProject section */
		CF8AA1FD27E9C42C00E56B2C /* Project object */ = {
			isa = PBXProject;
			attributes = {
				BuildIndependentTargetsInParallel = 1;
				LastSwiftUpdateCheck = 1330;
				LastUpgradeCheck = 1330;
				TargetAttributes = {
					CF8AA20427E9C42C00E56B2C = {
						CreatedOnToolsVersion = 13.3;
					};
				};
			};
			buildConfigurationList = CF8AA20027E9C42C00E56B2C /* Build configuration list for PBXProject "ContactListApp" */;
			compatibilityVersion = "Xcode 13.0";
			developmentRegion = en;
			hasScannedForEncodings = 0;
			knownRegions = (
				en,
				Base,
			);
			mainGroup = CF8AA1FC27E9C42C00E56B2C;
			productRefGroup = CF8AA20627E9C42C00E56B2C /* Products */;
			projectDirPath = "";
			projectRoot = "";
			targets = (
				CF8AA20427E9C42C00E56B2C /* ContactListApp */,
			);
		};
/* End PBXProject section */

/* Begin PBXResourcesBuildPhase section */
		CF8AA20327E9C42C00E56B2C /* Resources */ = {
			isa = PBXResourcesBuildPhase;
			buildActionMask = 2147483647;
			files = (
				CF8AA21527E9C42D00E56B2C /* LaunchScreen.storyboard in Resources */,
				CF8AA21227E9C42D00E56B2C /* Assets.xcassets in Resources */,
				CF8AA21027E9C42C00E56B2C /* Main.storyboard in Resources */,
			);
			runOnlyForDeploymentPostprocessing = 0;
		};
/* End PBXResourcesBuildPhase section */

/* Begin PBXSourcesBuildPhase section */
		CF8AA20127E9C42C00E56B2C /* Sources */ = {
			isa = PBXSourcesBuildPhase;
			buildActionMask = 2147483647;
			files = (
				CF8AA21D27E9CFA400E56B2C /* TabBarController.swift in Sources */,
				CF8AA21F27E9CFFA00E56B2C /* ContactListViewController.swift in Sources */,
				CF8AA22627E9D17A00E56B2C /* ContactDetailViewController.swift in Sources */,
				CF8AA20927E9C42C00E56B2C /* AppDelegate.swift in Sources */,
				CF8AA22827E9D23600E56B2C /* Person.swift in Sources */,
				CF8AA22A27E9F57C00E56B2C /* DataManager.swift in Sources */,
				CF8AA22427E9D14200E56B2C /* DetailedListViewController.swift in Sources */,
				CF8AA20B27E9C42C00E56B2C /* SceneDelegate.swift in Sources */,
			);
			runOnlyForDeploymentPostprocessing = 0;
		};
/* End PBXSourcesBuildPhase section */

/* Begin PBXVariantGroup section */
		CF8AA20E27E9C42C00E56B2C /* Main.storyboard */ = {
			isa = PBXVariantGroup;
			children = (
				CF8AA20F27E9C42C00E56B2C /* Base */,
			);
			name = Main.storyboard;
			sourceTree = "<group>";
		};
		CF8AA21327E9C42D00E56B2C /* LaunchScreen.storyboard */ = {
			isa = PBXVariantGroup;
			children = (
				CF8AA21427E9C42D00E56B2C /* Base */,
			);
			name = LaunchScreen.storyboard;
			sourceTree = "<group>";
		};
/* End PBXVariantGroup section */

/* Begin XCBuildConfiguration section */
		CF8AA21727E9C42D00E56B2C /* Debug */ = {
			isa = XCBuildConfiguration;
			buildSettings = {
				ALWAYS_SEARCH_USER_PATHS = NO;
				CLANG_ANALYZER_NONNULL = YES;
				CLANG_ANALYZER_NUMBER_OBJECT_CONVERSION = YES_AGGRESSIVE;
				CLANG_CXX_LANGUAGE_STANDARD = "gnu++17";
				CLANG_ENABLE_MODULES = YES;
				CLANG_ENABLE_OBJC_ARC = YES;
				CLANG_ENABLE_OBJC_WEAK = YES;
				CLANG_WARN_BLOCK_CAPTURE_AUTORELEASING = YES;
				CLANG_WARN_BOOL_CONVERSION = YES;
				CLANG_WARN_COMMA = YES;
				CLANG_WARN_CONSTANT_CONVERSION = YES;
				CLANG_WARN_DEPRECATED_OBJC_IMPLEMENTATIONS = YES;
				CLANG_WARN_DIRECT_OBJC_ISA_USAGE = YES_ERROR;
				CLANG_WARN_DOCUMENTATION_COMMENTS = YES;
				CLANG_WARN_EMPTY_BODY = YES;
				CLANG_WARN_ENUM_CONVERSION = YES;
				CLANG_WARN_INFINITE_RECURSION = YES;
				CLANG_WARN_INT_CONVERSION = YES;
				CLANG_WARN_NON_LITERAL_NULL_CONVERSION = YES;
				CLANG_WARN_OBJC_IMPLICIT_RETAIN_SELF = YES;
				CLANG_WARN_OBJC_LITERAL_CONVERSION = YES;
				CLANG_WARN_OBJC_ROOT_CLASS = YES_ERROR;
				CLANG_WARN_QUOTED_INCLUDE_IN_FRAMEWORK_HEADER = YES;
				CLANG_WARN_RANGE_LOOP_ANALYSIS = YES;
				CLANG_WARN_STRICT_PROTOTYPES = YES;
				CLANG_WARN_SUSPICIOUS_MOVE = YES;
				CLANG_WARN_UNGUARDED_AVAILABILITY = YES_AGGRESSIVE;
				CLANG_WARN_UNREACHABLE_CODE = YES;
				CLANG_WARN__DUPLICATE_METHOD_MATCH = YES;
				COPY_PHASE_STRIP = NO;
				DEBUG_INFORMATION_FORMAT = dwarf;
				ENABLE_STRICT_OBJC_MSGSEND = YES;
				ENABLE_TESTABILITY = YES;
				GCC_C_LANGUAGE_STANDARD = gnu11;
				GCC_DYNAMIC_NO_PIC = NO;
				GCC_NO_COMMON_BLOCKS = YES;
				GCC_OPTIMIZATION_LEVEL = 0;
				GCC_PREPROCESSOR_DEFINITIONS = (
					"DEBUG=1",
					"$(inherited)",
				);
				GCC_WARN_64_TO_32_BIT_CONVERSION = YES;
				GCC_WARN_ABOUT_RETURN_TYPE = YES_ERROR;
				GCC_WARN_UNDECLARED_SELECTOR = YES;
				GCC_WARN_UNINITIALIZED_AUTOS = YES_AGGRESSIVE;
				GCC_WARN_UNUSED_FUNCTION = YES;
				GCC_WARN_UNUSED_VARIABLE = YES;
				IPHONEOS_DEPLOYMENT_TARGET = 15.4;
				MTL_ENABLE_DEBUG_INFO = INCLUDE_SOURCE;
				MTL_FAST_MATH = YES;
				ONLY_ACTIVE_ARCH = YES;
				SDKROOT = iphoneos;
				SWIFT_ACTIVE_COMPILATION_CONDITIONS = DEBUG;
				SWIFT_OPTIMIZATION_LEVEL = "-Onone";
			};
			name = Debug;
		};
		CF8AA21827E9C42D00E56B2C /* Release */ = {
			isa = XCBuildConfiguration;
			buildSettings = {
				ALWAYS_SEARCH_USER_PATHS = NO;
				CLANG_ANALYZER_NONNULL = YES;
				CLANG_ANALYZER_NUMBER_OBJECT_CONVERSION = YES_AGGRESSIVE;
				CLANG_CXX_LANGUAGE_STANDARD = "gnu++17";
				CLANG_ENABLE_MODULES = YES;
				CLANG_ENABLE_OBJC_ARC = YES;
				CLANG_ENABLE_OBJC_WEAK = YES;
				CLANG_WARN_BLOCK_CAPTURE_AUTORELEASING = YES;
				CLANG_WARN_BOOL_CONVERSION = YES;
				CLANG_WARN_COMMA = YES;
				CLANG_WARN_CONSTANT_CONVERSION = YES;
				CLANG_WARN_DEPRECATED_OBJC_IMPLEMENTATIONS = YES;
				CLANG_WARN_DIRECT_OBJC_ISA_USAGE = YES_ERROR;
				CLANG_WARN_DOCUMENTATION_COMMENTS = YES;
				CLANG_WARN_EMPTY_BODY = YES;
				CLANG_WARN_ENUM_CONVERSION = YES;
				CLANG_WARN_INFINITE_RECURSION = YES;
				CLANG_WARN_INT_CONVERSION = YES;
				CLANG_WARN_NON_LITERAL_NULL_CONVERSION = YES;
				CLANG_WARN_OBJC_IMPLICIT_RETAIN_SELF = YES;
				CLANG_WARN_OBJC_LITERAL_CONVERSION = YES;
				CLANG_WARN_OBJC_ROOT_CLASS = YES_ERROR;
				CLANG_WARN_QUOTED_INCLUDE_IN_FRAMEWORK_HEADER = YES;
				CLANG_WARN_RANGE_LOOP_ANALYSIS = YES;
				CLANG_WARN_STRICT_PROTOTYPES = YES;
				CLANG_WARN_SUSPICIOUS_MOVE = YES;
				CLANG_WARN_UNGUARDED_AVAILABILITY = YES_AGGRESSIVE;
				CLANG_WARN_UNREACHABLE_CODE = YES;
				CLANG_WARN__DUPLICATE_METHOD_MATCH = YES;
				COPY_PHASE_STRIP = NO;
				DEBUG_INFORMATION_FORMAT = "dwarf-with-dsym";
				ENABLE_NS_ASSERTIONS = NO;
				ENABLE_STRICT_OBJC_MSGSEND = YES;
				GCC_C_LANGUAGE_STANDARD = gnu11;
				GCC_NO_COMMON_BLOCKS = YES;
				GCC_WARN_64_TO_32_BIT_CONVERSION = YES;
				GCC_WARN_ABOUT_RETURN_TYPE = YES_ERROR;
				GCC_WARN_UNDECLARED_SELECTOR = YES;
				GCC_WARN_UNINITIALIZED_AUTOS = YES_AGGRESSIVE;
				GCC_WARN_UNUSED_FUNCTION = YES;
				GCC_WARN_UNUSED_VARIABLE = YES;
				IPHONEOS_DEPLOYMENT_TARGET = 15.4;
				MTL_ENABLE_DEBUG_INFO = NO;
				MTL_FAST_MATH = YES;
				SDKROOT = iphoneos;
				SWIFT_COMPILATION_MODE = wholemodule;
				SWIFT_OPTIMIZATION_LEVEL = "-O";
				VALIDATE_PRODUCT = YES;
			};
			name = Release;
		};
		CF8AA21A27E9C42D00E56B2C /* Debug */ = {
			isa = XCBuildConfiguration;
			buildSettings = {
				ASSETCATALOG_COMPILER_APPICON_NAME = AppIcon;
				ASSETCATALOG_COMPILER_GLOBAL_ACCENT_COLOR_NAME = AccentColor;
				CODE_SIGN_STYLE = Automatic;
				CURRENT_PROJECT_VERSION = 1;
				DEVELOPMENT_TEAM = L7KZPDRX49;
				GENERATE_INFOPLIST_FILE = YES;
				INFOPLIST_FILE = ContactListApp/App/Info.plist;
				INFOPLIST_KEY_UIApplicationSupportsIndirectInputEvents = YES;
				INFOPLIST_KEY_UILaunchStoryboardName = LaunchScreen;
				INFOPLIST_KEY_UIMainStoryboardFile = Main;
				INFOPLIST_KEY_UISupportedInterfaceOrientations_iPad = "UIInterfaceOrientationPortrait UIInterfaceOrientationPortraitUpsideDown UIInterfaceOrientationLandscapeLeft UIInterfaceOrientationLandscapeRight";
				INFOPLIST_KEY_UISupportedInterfaceOrientations_iPhone = "UIInterfaceOrientationPortrait UIInterfaceOrientationLandscapeLeft UIInterfaceOrientationLandscapeRight";
				LD_RUNPATH_SEARCH_PATHS = (
					"$(inherited)",
					"@executable_path/Frameworks",
				);
				MARKETING_VERSION = 1.0;
				PRODUCT_BUNDLE_IDENTIFIER = pmatar.ContactListApp;
				PRODUCT_NAME = "$(TARGET_NAME)";
				SWIFT_EMIT_LOC_STRINGS = YES;
				SWIFT_VERSION = 5.0;
				TARGETED_DEVICE_FAMILY = 1;
			};
			name = Debug;
		};
		CF8AA21B27E9C42D00E56B2C /* Release */ = {
			isa = XCBuildConfiguration;
			buildSettings = {
				ASSETCATALOG_COMPILER_APPICON_NAME = AppIcon;
				ASSETCATALOG_COMPILER_GLOBAL_ACCENT_COLOR_NAME = AccentColor;
				CODE_SIGN_STYLE = Automatic;
				CURRENT_PROJECT_VERSION = 1;
				DEVELOPMENT_TEAM = L7KZPDRX49;
				GENERATE_INFOPLIST_FILE = YES;
				INFOPLIST_FILE = ContactListApp/App/Info.plist;
				INFOPLIST_KEY_UIApplicationSupportsIndirectInputEvents = YES;
				INFOPLIST_KEY_UILaunchStoryboardName = LaunchScreen;
				INFOPLIST_KEY_UIMainStoryboardFile = Main;
				INFOPLIST_KEY_UISupportedInterfaceOrientations_iPad = "UIInterfaceOrientationPortrait UIInterfaceOrientationPortraitUpsideDown UIInterfaceOrientationLandscapeLeft UIInterfaceOrientationLandscapeRight";
				INFOPLIST_KEY_UISupportedInterfaceOrientations_iPhone = "UIInterfaceOrientationPortrait UIInterfaceOrientationLandscapeLeft UIInterfaceOrientationLandscapeRight";
				LD_RUNPATH_SEARCH_PATHS = (
					"$(inherited)",
					"@executable_path/Frameworks",
				);
				MARKETING_VERSION = 1.0;
				PRODUCT_BUNDLE_IDENTIFIER = pmatar.ContactListApp;
				PRODUCT_NAME = "$(TARGET_NAME)";
				SWIFT_EMIT_LOC_STRINGS = YES;
				SWIFT_VERSION = 5.0;
				TARGETED_DEVICE_FAMILY = 1;
			};
			name = Release;
		};
/* End XCBuildConfiguration section */

/* Begin XCConfigurationList section */
		CF8AA20027E9C42C00E56B2C /* Build configuration list for PBXProject "ContactListApp" */ = {
			isa = XCConfigurationList;
			buildConfigurations = (
				CF8AA21727E9C42D00E56B2C /* Debug */,
				CF8AA21827E9C42D00E56B2C /* Release */,
			);
			defaultConfigurationIsVisible = 0;
			defaultConfigurationName = Release;
		};
		CF8AA21927E9C42D00E56B2C /* Build configuration list for PBXNativeTarget "ContactListApp" */ = {
			isa = XCConfigurationList;
			buildConfigurations = (
				CF8AA21A27E9C42D00E56B2C /* Debug */,
				CF8AA21B27E9C42D00E56B2C /* Release */,
			);
			defaultConfigurationIsVisible = 0;
			defaultConfigurationName = Release;
		};
/* End XCConfigurationList section */
	};
	rootObject = CF8AA1FD27E9C42C00E56B2C /* Project object */;
}
